Microsoft Visual Studio Solution File, Format Version 12.00
# Visual Studio 2012
Project("{FAE04EC0-301F-11D3-BF4B-00C04F79EFBC}") = "Ant-Colony-Optimization", "Ant-Colony-Optimization.csproj", "{1F52BC01-0673-429E-A48D-489F6AB8A17C}"
EndProject
Global
	GlobalSection(SolutionConfigurationPlatforms) = preSolution
	Debug|Any CPU = Debug|Any CPU
	ExportDebug|Any CPU = ExportDebug|Any CPU
	ExportRelease|Any CPU = ExportRelease|Any CPU
	EndGlobalSection
	GlobalSection(ProjectConfigurationPlatforms) = postSolution
		{1F52BC01-0673-429E-A48D-489F6AB8A17C}.Debug|Any CPU.ActiveCfg = Debug|Any CPU
		{1F52BC01-0673-429E-A48D-489F6AB8A17C}.Debug|Any CPU.Build.0 = Debug|Any CPU
		{1F52BC01-0673-429E-A48D-489F6AB8A17C}.ExportDebug|Any CPU.ActiveCfg = ExportDebug|Any CPU
		{1F52BC01-0673-429E-A48D-489F6AB8A17C}.ExportDebug|Any CPU.Build.0 = ExportDebug|Any CPU
		{1F52BC01-0673-429E-A48D-489F6AB8A17C}.ExportRelease|Any CPU.ActiveCfg = ExportRelease|Any CPU
		{1F52BC01-0673-429E-A48D-489F6AB8A17C}.ExportRelease|Any CPU.Build.0 = ExportRelease|Any CPU
	EndGlobalSection
EndGlobal
